
Microsoft Visual Studio Solution File, Format Version 11.00
# Visual Studio 2010
Project("{FAE04EC0-301F-11D3-BF4B-00C04F79EFBC}") = "Assembly-CSharp", "Assembly-CSharp.csproj", "{396C5678-7C92-0B71-922C-817922E5262E}"
EndProject
Project("{FAE04EC0-301F-11D3-BF4B-00C04F79EFBC}") = "InputSystem.Samples.Visualizers", "InputSystem.Samples.Visualizers.csproj", "{B44F30BA-98F2-88D3-C7F3-BC6EC5E138B6}"
EndProject
Project("{FAE04EC0-301F-11D3-BF4B-00C04F79EFBC}") = "Unity.InputSystem.RebindingUI", "Unity.InputSystem.RebindingUI.csproj", "{60148FF5-8AD5-5AD4-658F-3350E10F9B2C}"
EndProject
Project("{FAE04EC0-301F-11D3-BF4B-00C04F79EFBC}") = "Unity.InputSystem.Recorder", "Unity.InputSystem.Recorder.csproj", "{585A4DB5-B9D2-0E60-C7FD-C4C922F56CFD}"
EndProject
Project("{FAE04EC0-301F-11D3-BF4B-00C04F79EFBC}") = "Unity.InputSystem.InGameHints", "Unity.InputSystem.InGameHints.csproj", "{538E999A-F412-E56E-8E1D-13AF187C6538}"
EndProject
Project("{FAE04EC0-301F-11D3-BF4B-00C04F79EFBC}") = "Unity.InputSystem.VirtualMouseInput", "Unity.InputSystem.VirtualMouseInput.csproj", "{316C70CD-B2D3-CD3F-A360-EEA877BC438D}"
EndProject
Global
	GlobalSection(SolutionConfigurationPlatforms) = preSolution
		Debug|Any CPU = Debug|Any CPU
		Release|Any CPU = Release|Any CPU
	EndGlobalSection
	GlobalSection(ProjectConfigurationPlatforms) = postSolution
		{396C5678-7C92-0B71-922C-817922E5262E}.Debug|Any CPU.ActiveCfg = Debug|Any CPU
		{396C5678-7C92-0B71-922C-817922E5262E}.Debug|Any CPU.Build.0 = Debug|Any CPU
		{396C5678-7C92-0B71-922C-817922E5262E}.Release|Any CPU.ActiveCfg = Release|Any CPU
		{396C5678-7C92-0B71-922C-817922E5262E}.Release|Any CPU.Build.0 = Release|Any CPU
		{B44F30BA-98F2-88D3-C7F3-BC6EC5E138B6}.Debug|Any CPU.ActiveCfg = Debug|Any CPU
		{B44F30BA-98F2-88D3-C7F3-BC6EC5E138B6}.Debug|Any CPU.Build.0 = Debug|Any CPU
		{B44F30BA-98F2-88D3-C7F3-BC6EC5E138B6}.Release|Any CPU.ActiveCfg = Release|Any CPU
		{B44F30BA-98F2-88D3-C7F3-BC6EC5E138B6}.Release|Any CPU.Build.0 = Release|Any CPU
		{60148FF5-8AD5-5AD4-658F-3350E10F9B2C}.Debug|Any CPU.ActiveCfg = Debug|Any CPU
		{60148FF5-8AD5-5AD4-658F-3350E10F9B2C}.Debug|Any CPU.Build.0 = Debug|Any CPU
		{60148FF5-8AD5-5AD4-658F-3350E10F9B2C}.Release|Any CPU.ActiveCfg = Release|Any CPU
		{60148FF5-8AD5-5AD4-658F-3350E10F9B2C}.Release|Any CPU.Build.0 = Release|Any CPU
		{585A4DB5-B9D2-0E60-C7FD-C4C922F56CFD}.Debug|Any CPU.ActiveCfg = Debug|Any CPU
		{585A4DB5-B9D2-0E60-C7FD-C4C922F56CFD}.Debug|Any CPU.Build.0 = Debug|Any CPU
		{585A4DB5-B9D2-0E60-C7FD-C4C922F56CFD}.Release|Any CPU.ActiveCfg = Release|Any CPU
		{585A4DB5-B9D2-0E60-C7FD-C4C922F56CFD}.Release|Any CPU.Build.0 = Release|Any CPU
		{538E999A-F412-E56E-8E1D-13AF187C6538}.Debug|Any CPU.ActiveCfg = Debug|Any CPU
		{538E999A-F412-E56E-8E1D-13AF187C6538}.Debug|Any CPU.Build.0 = Debug|Any CPU
		{538E999A-F412-E56E-8E1D-13AF187C6538}.Release|Any CPU.ActiveCfg = Release|Any CPU
		{538E999A-F412-E56E-8E1D-13AF187C6538}.Release|Any CPU.Build.0 = Release|Any CPU
		{316C70CD-B2D3-CD3F-A360-EEA877BC438D}.Debug|Any CPU.ActiveCfg = Debug|Any CPU
		{316C70CD-B2D3-CD3F-A360-EEA877BC438D}.Debug|Any CPU.Build.0 = Debug|Any CPU
		{316C70CD-B2D3-CD3F-A360-EEA877BC438D}.Release|Any CPU.ActiveCfg = Release|Any CPU
		{316C70CD-B2D3-CD3F-A360-EEA877BC438D}.Release|Any CPU.Build.0 = Release|Any CPU
	EndGlobalSection
	GlobalSection(SolutionProperties) = preSolution
		HideSolutionNode = FALSE
	EndGlobalSection
EndGlobal
